
Microsoft Visual Studio Solution File, Format Version 12.00
# Visual Studio Version 17
VisualStudioVersion = 17.4.33122.133
MinimumVisualStudioVersion = 10.0.40219.1
Project("{9A19103F-16F7-4668-BE54-9A1E7A4F7556}") = "Movies", "Movies\Movies.csproj", "{6E3F85F7-869F-4BEE-9BA5-808E26536BE3}"
EndProject
Project("{9A19103F-16F7-4668-BE54-9A1E7A4F7556}") = "PersonalWebsite", "PersonalWebsite\PersonalWebsite.csproj", "{D1042049-F38A-4070-BD38-B042EFD2282A}"
EndProject
Project("{9A19103F-16F7-4668-BE54-9A1E7A4F7556}") = "MadForInputs", "MadForInputs\MadForInputs.csproj", "{527F9B9E-5D64-47BF-B296-F2E657D097C1}"
EndProject
Project("{FAE04EC0-301F-11D3-BF4B-00C04F79EFBC}") = "VideoGameLibrary", "VideoGameLibrary\VideoGameLibrary.csproj", "{887EB53D-E8FC-419F-9F41-85E91B2DC24B}"
EndProject
Global
	GlobalSection(SolutionConfigurationPlatforms) = preSolution
		Debug|Any CPU = Debug|Any CPU
		Release|Any CPU = Release|Any CPU
	EndGlobalSection
	GlobalSection(ProjectConfigurationPlatforms) = postSolution
		{6E3F85F7-869F-4BEE-9BA5-808E26536BE3}.Debug|Any CPU.ActiveCfg = Debug|Any CPU
		{6E3F85F7-869F-4BEE-9BA5-808E26536BE3}.Debug|Any CPU.Build.0 = Debug|Any CPU
		{6E3F85F7-869F-4BEE-9BA5-808E26536BE3}.Release|Any CPU.ActiveCfg = Release|Any CPU
		{6E3F85F7-869F-4BEE-9BA5-808E26536BE3}.Release|Any CPU.Build.0 = Release|Any CPU
		{D1042049-F38A-4070-BD38-B042EFD2282A}.Debug|Any CPU.ActiveCfg = Debug|Any CPU
		{D1042049-F38A-4070-BD38-B042EFD2282A}.Debug|Any CPU.Build.0 = Debug|Any CPU
		{D1042049-F38A-4070-BD38-B042EFD2282A}.Release|Any CPU.ActiveCfg = Release|Any CPU
		{D1042049-F38A-4070-BD38-B042EFD2282A}.Release|Any CPU.Build.0 = Release|Any CPU
		{527F9B9E-5D64-47BF-B296-F2E657D097C1}.Debug|Any CPU.ActiveCfg = Debug|Any CPU
		{527F9B9E-5D64-47BF-B296-F2E657D097C1}.Debug|Any CPU.Build.0 = Debug|Any CPU
		{527F9B9E-5D64-47BF-B296-F2E657D097C1}.Release|Any CPU.ActiveCfg = Release|Any CPU
		{527F9B9E-5D64-47BF-B296-F2E657D097C1}.Release|Any CPU.Build.0 = Release|Any CPU
		{887EB53D-E8FC-419F-9F41-85E91B2DC24B}.Debug|Any CPU.ActiveCfg = Debug|Any CPU
		{887EB53D-E8FC-419F-9F41-85E91B2DC24B}.Debug|Any CPU.Build.0 = Debug|Any CPU
		{887EB53D-E8FC-419F-9F41-85E91B2DC24B}.Release|Any CPU.ActiveCfg = Release|Any CPU
		{887EB53D-E8FC-419F-9F41-85E91B2DC24B}.Release|Any CPU.Build.0 = Release|Any CPU
	EndGlobalSection
	GlobalSection(SolutionProperties) = preSolution
		HideSolutionNode = FALSE
	EndGlobalSection
	GlobalSection(ExtensibilityGlobals) = postSolution
		SolutionGuid = {E67F18B5-BE9F-4749-BAD0-99BF6C6842B2}
	EndGlobalSection
EndGlobal
