
Microsoft Visual Studio Solution File, Format Version 12.00
# Visual Studio Version 17
VisualStudioVersion = 17.4.33122.133
MinimumVisualStudioVersion = 10.0.40219.1
Project("{FAE04EC0-301F-11D3-BF4B-00C04F79EFBC}") = "Movies", "Movies\Movies.csproj", "{6E3F85F7-869F-4BEE-9BA5-808E26536BE3}"
EndProject
Global
	GlobalSection(SolutionConfigurationPlatforms) = preSolution
		Debug|Any CPU = Debug|Any CPU
		Release|Any CPU = Release|Any CPU
	EndGlobalSection
	GlobalSection(ProjectConfigurationPlatforms) = postSolution
		{6E3F85F7-869F-4BEE-9BA5-808E26536BE3}.Debug|Any CPU.ActiveCfg = Debug|Any CPU
		{6E3F85F7-869F-4BEE-9BA5-808E26536BE3}.Debug|Any CPU.Build.0 = Debug|Any CPU
		{6E3F85F7-869F-4BEE-9BA5-808E26536BE3}.Release|Any CPU.ActiveCfg = Release|Any CPU
		{6E3F85F7-869F-4BEE-9BA5-808E26536BE3}.Release|Any CPU.Build.0 = Release|Any CPU
	EndGlobalSection
	GlobalSection(SolutionProperties) = preSolution
		HideSolutionNode = FALSE
	EndGlobalSection
	GlobalSection(ExtensibilityGlobals) = postSolution
		SolutionGuid = {E67F18B5-BE9F-4749-BAD0-99BF6C6842B2}
	EndGlobalSection
EndGlobal
